lockfileVersion: '9.0'

settings:
  autoInstallPeers: true
  excludeLinksFromLockfile: false

importers:

  .:
    devDependencies:
      lefthook:
        specifier: ^1.8.4
        version: 1.8.4

packages:

  lefthook-darwin-arm64@1.8.4:
    resolution: {integrity: sha512-OS5MsU0gvd8LYSpuQCHtmDUqwNrJ/LjCO0LGC1wNepY4OkuVl9DfX+rQ506CVUQYZiGVcwy2/qPOOBjNzA5+wQ==}
    cpu: [arm64]
    os: [darwin]

  lefthook-darwin-x64@1.8.4:
    resolution: {integrity: sha512-QLRsqK9aTMRcVW8qz4pzI2OWnGCEcaEPJlIiFjwstYsS+wfkooxOS0UkfVMjy+QoGgEcki+cxF/FoY7lE7DDtw==}
    cpu: [x64]
    os: [darwin]

  lefthook-freebsd-arm64@1.8.4:
    resolution: {integrity: sha512-chnQ1m/Cmn9c0sLdk5HL2SToE5LBJv5uQMdH1IGRRcw+nEqWqrMnDXvM75caiJAyjmUGvPH3czKTJDzTFV1E+A==}
    cpu: [arm64]
    os: [freebsd]

  lefthook-freebsd-x64@1.8.4:
    resolution: {integrity: sha512-KQi+WBUdnGLnK0rHOR58kbMH5TDVN1ZjZLu66Pv9FCG7Y7shR1qtaTXu+wmxdRhMvaLeQIXRsUEPjNRC66yMmA==}
    cpu: [x64]
    os: [freebsd]

  lefthook-linux-arm64@1.8.4:
    resolution: {integrity: sha512-CXNcqIskLwTwQARidGdFqmNxpvOU3jsWPK4KA7pq2+QmlWJ64w98ebMvNBoUmRUCXqzmUm7Udf/jpfz2fobewQ==}
    cpu: [arm64]
    os: [linux]

  lefthook-linux-x64@1.8.4:
    resolution: {integrity: sha512-pVNITkFBxUCEtamWSM/res2Gd48+m9YKbNyIBndAuZVC5pKV5aGKZy2DNq6PWUPYiUDPx+7hoAtCJg/tlAiqhw==}
    cpu: [x64]
    os: [linux]

  lefthook-openbsd-arm64@1.8.4:
    resolution: {integrity: sha512-l+i/Dg5X36kYzhpMGSPE3rMbWy1KSytbLB9lY1PmxYb6LRH6iQTYIoxvLabVUwSBPSq8HtIFa50+bvC5+scfVA==}
    cpu: [arm64]
    os: [openbsd]

  lefthook-openbsd-x64@1.8.4:
    resolution: {integrity: sha512-CqhDDPPX8oHzMLgNi/Reba823DRzj+eMNWQ8axvSiIG+zmG1w20xZH5QSs/mD3tjrND90yfDd90mWMt181qPyA==}
    cpu: [x64]
    os: [openbsd]

  lefthook-windows-arm64@1.8.4:
    resolution: {integrity: sha512-dvpvorICmVjmw29Aiczg7DcaSzkd86bEBomiGq4UsAEk3+7ExLrlWJDLFsI6xLjMKmTxy+F7eXb2uDtuFC1N4g==}
    cpu: [arm64]
    os: [win32]

  lefthook-windows-x64@1.8.4:
    resolution: {integrity: sha512-e+y8Jt4/7PnoplhOuK48twjGVJEsU4T3J5kxD4mWfl6Cbit0YSn4bme9nW41eqCqTUqOm+ky29XlfnPHFX5ZNA==}
    cpu: [x64]
    os: [win32]

  lefthook@1.8.4:
    resolution: {integrity: sha512-XNyMaTWNRuADOaocYiHidgNkNDz8SCekpdNJ7lqceFcBT2zjumnb28/o7IMaNROpLBZdQkLkJXSeaQWGqn3kog==}
    hasBin: true

snapshots:

  lefthook-darwin-arm64@1.8.4:
    optional: true

  lefthook-darwin-x64@1.8.4:
    optional: true

  lefthook-freebsd-arm64@1.8.4:
    optional: true

  lefthook-freebsd-x64@1.8.4:
    optional: true

  lefthook-linux-arm64@1.8.4:
    optional: true

  lefthook-linux-x64@1.8.4:
    optional: true

  lefthook-openbsd-arm64@1.8.4:
    optional: true

  lefthook-openbsd-x64@1.8.4:
    optional: true

  lefthook-windows-arm64@1.8.4:
    optional: true

  lefthook-windows-x64@1.8.4:
    optional: true

  lefthook@1.8.4:
    optionalDependencies:
      lefthook-darwin-arm64: 1.8.4
      lefthook-darwin-x64: 1.8.4
      lefthook-freebsd-arm64: 1.8.4
      lefthook-freebsd-x64: 1.8.4
      lefthook-linux-arm64: 1.8.4
      lefthook-linux-x64: 1.8.4
      lefthook-openbsd-arm64: 1.8.4
      lefthook-openbsd-x64: 1.8.4
      lefthook-windows-arm64: 1.8.4
      lefthook-windows-x64: 1.8.4
